schema: '2.0'
stages:
  data_ingestion:
    cmd: python src/xRayClassifier/pipeline/stage_01_data_ingestion.py
    deps:
    - path: config/config.yaml
      hash: md5
      md5: 7d67f2495ffb5a154394ce1d2293a30b
      size: 565
    - path: src/xRayClassifier/pipeline/stage_01_data_ingestion.py
      hash: md5
      md5: 36e1898f30a4734b19686e8b9a52cc1f
      size: 929
    outs:
    - path: artifacts/data_ingestion/Dataset
      hash: md5
      md5: f47e47c662c6bdac0e1d69e375bc4320.dir
      size: 398525260
      nfiles: 1001
  prepare_base_model:
    cmd: python src/xRayClassifier/pipeline/stage_02_prepare_base_model.py
    deps:
    - path: config/config.yaml
      hash: md5
      md5: 7d67f2495ffb5a154394ce1d2293a30b
      size: 565
    - path: src/xRayClassifier/pipeline/stage_02_prepare_base_model.py
      hash: md5
      md5: 1b3d99d905602bcf5d654787abf54d25
      size: 971
    params:
      params.yaml:
        CLASSES: 2
        IMAGE_SIZE:
        - 224
        - 224
        - 3
        INCLUDE_TOP: false
        LEARNING_RATE: 0.001
        WEIGHTS: imagenet
    outs:
    - path: artifacts/prepare_base_model
      hash: md5
      md5: 23c7e52aa46220cf09b29798c6710e60.dir
      size: 143688552
      nfiles: 2
  training:
    cmd: python src/xRayClassifier/pipeline/stage_03_model_trainer.py
    deps:
    - path: artifacts/data_ingestion/Dataset
      hash: md5
      md5: f47e47c662c6bdac0e1d69e375bc4320.dir
      size: 398525260
      nfiles: 1001
    - path: artifacts/prepare_base_model
      hash: md5
      md5: 23c7e52aa46220cf09b29798c6710e60.dir
      size: 143688552
      nfiles: 2
    - path: config/config.yaml
      hash: md5
      md5: 7d67f2495ffb5a154394ce1d2293a30b
      size: 565
    - path: src/xRayClassifier/pipeline/stage_03_model_trainer.py
      hash: md5
      md5: 0e17c7c0f34cf467e70ce4996e25ff03
      size: 895
    params:
      params.yaml:
        AUGMENTATION: true
        BATCH_SIZE: 100
        EPOCHS: 10
        IMAGE_SIZE:
        - 224
        - 224
        - 3
    outs:
    - path: artifacts/training/model.h5
      hash: md5
      md5: 468bcb766145bf81678b8801922e0043
      size: 136429288
  evaluation:
    cmd: python src/xRayClassifier/pipeline/stage_04_model_evaluation.py
    deps:
    - path: artifacts/data_ingestion/Dataset
      hash: md5
      md5: f47e47c662c6bdac0e1d69e375bc4320.dir
      size: 398525260
      nfiles: 1001
    - path: artifacts/training/model.h5
      hash: md5
      md5: 468bcb766145bf81678b8801922e0043
      size: 136429288
    - path: config/config.yaml
      hash: md5
      md5: 7d67f2495ffb5a154394ce1d2293a30b
      size: 565
    - path: src/xRayClassifier/pipeline/stage_04_model_evaluation.py
      hash: md5
      md5: ab8bfc0d66c7a5d7583b7f27e292308f
      size: 892
    params:
      params.yaml:
        BATCH_SIZE: 100
        IMAGE_SIZE:
        - 224
        - 224
        - 3
    outs:
    - path: scores.json
      hash: md5
      md5: f9aee2287cac3215cfcbf9eaf3521ede
      size: 71
